
Microsoft Visual Studio Solution File, Format Version 12.00
# Visual Studio Version 16
VisualStudioVersion = 16.0.29709.97
MinimumVisualStudioVersion = 10.0.40219.1
Project("{FAE04EC0-301F-11D3-BF4B-00C04F79EFBC}") = "MvcSample.WebUI", "MvcSample.WebUI\MvcSample.WebUI.csproj", "{15C98AC1-A69A-4A53-993E-466B2F353D77}"
EndProject
Project("{FAE04EC0-301F-11D3-BF4B-00C04F79EFBC}") = "Domain", "Domain\Domain.csproj", "{09B78786-58B4-4D69-A592-95BD87B97C31}"
EndProject
Project("{FAE04EC0-301F-11D3-BF4B-00C04F79EFBC}") = "Application", "Application\Application.csproj", "{ED74555D-CF2E-473C-951A-48EA4643AED9}"
EndProject
Project("{FAE04EC0-301F-11D3-BF4B-00C04F79EFBC}") = "Persistence", "Persistence\Persistence.csproj", "{0E8A76D5-13FB-410D-8FEF-2AC854625E93}"
EndProject
Project("{9A19103F-16F7-4668-BE54-9A1E7A4F7556}") = "Infrastructure", "Infrastructure\Infrastructure.csproj", "{9B5E2EEA-5574-49E9-9189-7FD7B54A6ED7}"
EndProject
Global
	GlobalSection(SolutionConfigurationPlatforms) = preSolution
		Debug|Any CPU = Debug|Any CPU
		Release|Any CPU = Release|Any CPU
	EndGlobalSection
	GlobalSection(ProjectConfigurationPlatforms) = postSolution
		{15C98AC1-A69A-4A53-993E-466B2F353D77}.Debug|Any CPU.ActiveCfg = Debug|Any CPU
		{15C98AC1-A69A-4A53-993E-466B2F353D77}.Debug|Any CPU.Build.0 = Debug|Any CPU
		{15C98AC1-A69A-4A53-993E-466B2F353D77}.Release|Any CPU.ActiveCfg = Release|Any CPU
		{15C98AC1-A69A-4A53-993E-466B2F353D77}.Release|Any CPU.Build.0 = Release|Any CPU
		{09B78786-58B4-4D69-A592-95BD87B97C31}.Debug|Any CPU.ActiveCfg = Debug|Any CPU
		{09B78786-58B4-4D69-A592-95BD87B97C31}.Debug|Any CPU.Build.0 = Debug|Any CPU
		{09B78786-58B4-4D69-A592-95BD87B97C31}.Release|Any CPU.ActiveCfg = Release|Any CPU
		{09B78786-58B4-4D69-A592-95BD87B97C31}.Release|Any CPU.Build.0 = Release|Any CPU
		{ED74555D-CF2E-473C-951A-48EA4643AED9}.Debug|Any CPU.ActiveCfg = Debug|Any CPU
		{ED74555D-CF2E-473C-951A-48EA4643AED9}.Debug|Any CPU.Build.0 = Debug|Any CPU
		{ED74555D-CF2E-473C-951A-48EA4643AED9}.Release|Any CPU.ActiveCfg = Release|Any CPU
		{ED74555D-CF2E-473C-951A-48EA4643AED9}.Release|Any CPU.Build.0 = Release|Any CPU
		{0E8A76D5-13FB-410D-8FEF-2AC854625E93}.Debug|Any CPU.ActiveCfg = Debug|Any CPU
		{0E8A76D5-13FB-410D-8FEF-2AC854625E93}.Debug|Any CPU.Build.0 = Debug|Any CPU
		{0E8A76D5-13FB-410D-8FEF-2AC854625E93}.Release|Any CPU.ActiveCfg = Release|Any CPU
		{0E8A76D5-13FB-410D-8FEF-2AC854625E93}.Release|Any CPU.Build.0 = Release|Any CPU
		{9B5E2EEA-5574-49E9-9189-7FD7B54A6ED7}.Debug|Any CPU.ActiveCfg = Debug|Any CPU
		{9B5E2EEA-5574-49E9-9189-7FD7B54A6ED7}.Debug|Any CPU.Build.0 = Debug|Any CPU
		{9B5E2EEA-5574-49E9-9189-7FD7B54A6ED7}.Release|Any CPU.ActiveCfg = Release|Any CPU
		{9B5E2EEA-5574-49E9-9189-7FD7B54A6ED7}.Release|Any CPU.Build.0 = Release|Any CPU
	EndGlobalSection
	GlobalSection(SolutionProperties) = preSolution
		HideSolutionNode = FALSE
	EndGlobalSection
	GlobalSection(ExtensibilityGlobals) = postSolution
		SolutionGuid = {1B3042E8-496D-4B50-8751-1F21AD4D62A1}
	EndGlobalSection
EndGlobal
